
Microsoft Visual Studio Solution File, Format Version 12.00
# Visual Studio Version 17
VisualStudioVersion = 17.6.33801.468
MinimumVisualStudioVersion = 10.0.40219.1
Project("{FAE04EC0-301F-11D3-BF4B-00C04F79EFBC}") = "WebApplication1", "WebApplication1\WebApplication1.csproj", "{FB8DD01E-5F90-4AEC-A8AF-8036C26E5DAA}"
EndProject
Project("{2150E333-8FDC-42A3-9474-1A3956D46DE8}") = "k", "k", "{726B4BD1-68C6-4067-8436-D524742B1858}"
	ProjectSection(SolutionItems) = preProject
		WebApplication1\1.png = WebApplication1\1.png
		..\tugbaguran.github.io02\WebApplication1\1.png = ..\tugbaguran.github.io02\WebApplication1\1.png
		..\tugbaguran.github.io02\WebApplication1\2.png = ..\tugbaguran.github.io02\WebApplication1\2.png
		..\tugbaguran.github.io02\WebApplication1\3.png = ..\tugbaguran.github.io02\WebApplication1\3.png
		..\tugbaguran.github.io02\WebApplication1\4.png = ..\tugbaguran.github.io02\WebApplication1\4.png
		..\tugbaguran.github.io02\WebApplication1\5.png = ..\tugbaguran.github.io02\WebApplication1\5.png
		..\tugbaguran.github.io02\WebApplication1\6.png = ..\tugbaguran.github.io02\WebApplication1\6.png
		..\tugbaguran.github.io02\WebApplication1\7.png = ..\tugbaguran.github.io02\WebApplication1\7.png
		..\tugbaguran.github.io02\WebApplication1\8.png = ..\tugbaguran.github.io02\WebApplication1\8.png
		..\tugbaguran.github.io02\WebApplication1\9.jpg = ..\tugbaguran.github.io02\WebApplication1\9.jpg
		index.html = index.html
	EndProjectSection
EndProject
Global
	GlobalSection(SolutionConfigurationPlatforms) = preSolution
		Debug|Any CPU = Debug|Any CPU
		Release|Any CPU = Release|Any CPU
	EndGlobalSection
	GlobalSection(ProjectConfigurationPlatforms) = postSolution
		{FB8DD01E-5F90-4AEC-A8AF-8036C26E5DAA}.Debug|Any CPU.ActiveCfg = Debug|Any CPU
		{FB8DD01E-5F90-4AEC-A8AF-8036C26E5DAA}.Debug|Any CPU.Build.0 = Debug|Any CPU
		{FB8DD01E-5F90-4AEC-A8AF-8036C26E5DAA}.Release|Any CPU.ActiveCfg = Release|Any CPU
		{FB8DD01E-5F90-4AEC-A8AF-8036C26E5DAA}.Release|Any CPU.Build.0 = Release|Any CPU
	EndGlobalSection
	GlobalSection(SolutionProperties) = preSolution
		HideSolutionNode = FALSE
	EndGlobalSection
	GlobalSection(ExtensibilityGlobals) = postSolution
		SolutionGuid = {1FD9588E-0E09-40C1-9FB5-292851D0FC52}
	EndGlobalSection
EndGlobal
